
Microsoft Visual Studio Solution File, Format Version 12.00
# Visual Studio Version 16
VisualStudioVersion = 16.0.31313.79
MinimumVisualStudioVersion = 10.0.40219.1
Project("{9A19103F-16F7-4668-BE54-9A1E7A4F7556}") = "CabService", "CabService\CabService.csproj", "{F860D9A1-AD52-4CCD-AE91-60709EA1DEB6}"
EndProject
Project("{FAE04EC0-301F-11D3-BF4B-00C04F79EFBC}") = "InvoiceTest", "InvoiceTest\InvoiceTest.csproj", "{F13B7835-30EE-4995-BEF2-9F42D2273987}"
EndProject
Global
	GlobalSection(SolutionConfigurationPlatforms) = preSolution
		Debug|Any CPU = Debug|Any CPU
		Release|Any CPU = Release|Any CPU
	EndGlobalSection
	GlobalSection(ProjectConfigurationPlatforms) = postSolution
		{F860D9A1-AD52-4CCD-AE91-60709EA1DEB6}.Debug|Any CPU.ActiveCfg = Debug|Any CPU
		{F860D9A1-AD52-4CCD-AE91-60709EA1DEB6}.Debug|Any CPU.Build.0 = Debug|Any CPU
		{F860D9A1-AD52-4CCD-AE91-60709EA1DEB6}.Release|Any CPU.ActiveCfg = Release|Any CPU
		{F860D9A1-AD52-4CCD-AE91-60709EA1DEB6}.Release|Any CPU.Build.0 = Release|Any CPU
		{F13B7835-30EE-4995-BEF2-9F42D2273987}.Debug|Any CPU.ActiveCfg = Debug|Any CPU
		{F13B7835-30EE-4995-BEF2-9F42D2273987}.Debug|Any CPU.Build.0 = Debug|Any CPU
		{F13B7835-30EE-4995-BEF2-9F42D2273987}.Release|Any CPU.ActiveCfg = Release|Any CPU
		{F13B7835-30EE-4995-BEF2-9F42D2273987}.Release|Any CPU.Build.0 = Release|Any CPU
	EndGlobalSection
	GlobalSection(SolutionProperties) = preSolution
		HideSolutionNode = FALSE
	EndGlobalSection
	GlobalSection(ExtensibilityGlobals) = postSolution
		SolutionGuid = {8341726F-8794-4B79-B3E6-31E019B52736}
	EndGlobalSection
EndGlobal
